
Microsoft Visual Studio Solution File, Format Version 11.00
# Visual Studio 2010
Project("{8BC9CEB8-8B4A-11D0-8D11-00A0C91BC942}") = "rdbreader", "rdbreader\rdbreader.vcxproj", "{0041E8C8-6E17-4ADC-AA97-579CBC642926}"
EndProject
Project("{8BC9CEB8-8B4A-11D0-8D11-00A0C91BC942}") = "fctxconverter", "fctxconverter\fctxconverter.vcxproj", "{FA1A13C1-C531-4BCC-A89A-8AAEC5D4055C}"
EndProject
Project("{8BC9CEB8-8B4A-11D0-8D11-00A0C91BC942}") = "lipreader", "lipreader\lipreader.vcxproj", "{9AD129AA-3466-4EE5-893D-5C991133B8CC}"
EndProject
Global
	GlobalSection(SolutionConfigurationPlatforms) = preSolution
		Debug|Win32 = Debug|Win32
		Release|Win32 = Release|Win32
	EndGlobalSection
	GlobalSection(ProjectConfigurationPlatforms) = postSolution
		{0041E8C8-6E17-4ADC-AA97-579CBC642926}.Debug|Win32.ActiveCfg = Debug|Win32
		{0041E8C8-6E17-4ADC-AA97-579CBC642926}.Debug|Win32.Build.0 = Debug|Win32
		{0041E8C8-6E17-4ADC-AA97-579CBC642926}.Release|Win32.ActiveCfg = Release|Win32
		{0041E8C8-6E17-4ADC-AA97-579CBC642926}.Release|Win32.Build.0 = Release|Win32
		{FA1A13C1-C531-4BCC-A89A-8AAEC5D4055C}.Debug|Win32.ActiveCfg = Debug|Win32
		{FA1A13C1-C531-4BCC-A89A-8AAEC5D4055C}.Debug|Win32.Build.0 = Debug|Win32
		{FA1A13C1-C531-4BCC-A89A-8AAEC5D4055C}.Release|Win32.ActiveCfg = Release|Win32
		{FA1A13C1-C531-4BCC-A89A-8AAEC5D4055C}.Release|Win32.Build.0 = Release|Win32
		{9AD129AA-3466-4EE5-893D-5C991133B8CC}.Debug|Win32.ActiveCfg = Debug|Win32
		{9AD129AA-3466-4EE5-893D-5C991133B8CC}.Debug|Win32.Build.0 = Debug|Win32
		{9AD129AA-3466-4EE5-893D-5C991133B8CC}.Release|Win32.ActiveCfg = Release|Win32
		{9AD129AA-3466-4EE5-893D-5C991133B8CC}.Release|Win32.Build.0 = Release|Win32
	EndGlobalSection
	GlobalSection(SolutionProperties) = preSolution
		HideSolutionNode = FALSE
	EndGlobalSection
EndGlobal
